
Microsoft Visual Studio Solution File, Format Version 12.00
# Visual Studio Version 17
VisualStudioVersion = 17.0.32112.339
MinimumVisualStudioVersion = 10.0.40219.1
Project("{2150E333-8FDC-42A3-9474-1A3956D46DE8}") = "Src", "Src", "{C5A24F88-AC47-449F-B99C-BA2B66B1D7F6}"
EndProject
Project("{2150E333-8FDC-42A3-9474-1A3956D46DE8}") = "BuildingBlocks", "BuildingBlocks", "{D1984C50-0556-4470-A383-D4A624AF06B3}"
EndProject
Project("{2150E333-8FDC-42A3-9474-1A3956D46DE8}") = "Services", "Services", "{2911EB4F-BF07-44CE-B4AA-1398841F8491}"
EndProject
Project("{FAE04EC0-301F-11D3-BF4B-00C04F79EFBC}") = "Catalog.API", "Src\Services\Catalog\Catalog.API\Catalog.API.csproj", "{6D1A9745-F155-4688-BF33-4F754E9FFD50}"
EndProject
Project("{2150E333-8FDC-42A3-9474-1A3956D46DE8}") = "Catalog", "Catalog", "{F1744B1C-FF64-4EF4-9CEC-BC2153CB4ECF}"
EndProject
Global
	GlobalSection(SolutionConfigurationPlatforms) = preSolution
		Debug|Any CPU = Debug|Any CPU
		Release|Any CPU = Release|Any CPU
	EndGlobalSection
	GlobalSection(ProjectConfigurationPlatforms) = postSolution
		{6D1A9745-F155-4688-BF33-4F754E9FFD50}.Debug|Any CPU.ActiveCfg = Debug|Any CPU
		{6D1A9745-F155-4688-BF33-4F754E9FFD50}.Debug|Any CPU.Build.0 = Debug|Any CPU
		{6D1A9745-F155-4688-BF33-4F754E9FFD50}.Release|Any CPU.ActiveCfg = Release|Any CPU
		{6D1A9745-F155-4688-BF33-4F754E9FFD50}.Release|Any CPU.Build.0 = Release|Any CPU
	EndGlobalSection
	GlobalSection(SolutionProperties) = preSolution
		HideSolutionNode = FALSE
	EndGlobalSection
	GlobalSection(NestedProjects) = preSolution
		{D1984C50-0556-4470-A383-D4A624AF06B3} = {C5A24F88-AC47-449F-B99C-BA2B66B1D7F6}
		{2911EB4F-BF07-44CE-B4AA-1398841F8491} = {C5A24F88-AC47-449F-B99C-BA2B66B1D7F6}
		{6D1A9745-F155-4688-BF33-4F754E9FFD50} = {F1744B1C-FF64-4EF4-9CEC-BC2153CB4ECF}
		{F1744B1C-FF64-4EF4-9CEC-BC2153CB4ECF} = {2911EB4F-BF07-44CE-B4AA-1398841F8491}
	EndGlobalSection
	GlobalSection(ExtensibilityGlobals) = postSolution
		SolutionGuid = {9D7514A6-2980-4F41-9DA8-DF669C42DD86}
	EndGlobalSection
EndGlobal
